
Microsoft Visual Studio Solution File, Format Version 12.00
# Visual Studio Version 16
VisualStudioVersion = 16.0.29509.3
MinimumVisualStudioVersion = 10.0.40219.1
Project("{9A19103F-16F7-4668-BE54-9A1E7A4F7556}") = "Basics", "Basics\Basics.csproj", "{A4825391-784C-401B-A3F4-EC155001071A}"
EndProject
Project("{9A19103F-16F7-4668-BE54-9A1E7A4F7556}") = "IdentityAuth", "IdentityAuth\IdentityAuth.csproj", "{8FA3E5EB-2946-4E14-948A-2E8D6C86A7DE}"
EndProject
Project("{2150E333-8FDC-42A3-9474-1A3956D46DE8}") = "basic", "basic", "{D6CB8EE6-6D6B-4004-860D-8C9327857770}"
EndProject
Project("{2150E333-8FDC-42A3-9474-1A3956D46DE8}") = "OAuth", "OAuth", "{F4BD5FAF-2590-493D-87B3-18AFAD3436DC}"
EndProject
Project("{9A19103F-16F7-4668-BE54-9A1E7A4F7556}") = "Server", "Server\Server.csproj", "{DC324F0A-3D31-4C10-A381-BF91B3D3F0A4}"
EndProject
Project("{9A19103F-16F7-4668-BE54-9A1E7A4F7556}") = "Client", "Client\Client.csproj", "{504BDFE5-C519-4B21-B932-3409AD27E896}"
EndProject
Project("{FAE04EC0-301F-11D3-BF4B-00C04F79EFBC}") = "Api", "Api\Api.csproj", "{1D8605D3-A35E-4213-9634-04DF910281C0}"
EndProject
Global
	GlobalSection(SolutionConfigurationPlatforms) = preSolution
		Debug|Any CPU = Debug|Any CPU
		Release|Any CPU = Release|Any CPU
	EndGlobalSection
	GlobalSection(ProjectConfigurationPlatforms) = postSolution
		{A4825391-784C-401B-A3F4-EC155001071A}.Debug|Any CPU.ActiveCfg = Debug|Any CPU
		{A4825391-784C-401B-A3F4-EC155001071A}.Debug|Any CPU.Build.0 = Debug|Any CPU
		{A4825391-784C-401B-A3F4-EC155001071A}.Release|Any CPU.ActiveCfg = Release|Any CPU
		{A4825391-784C-401B-A3F4-EC155001071A}.Release|Any CPU.Build.0 = Release|Any CPU
		{8FA3E5EB-2946-4E14-948A-2E8D6C86A7DE}.Debug|Any CPU.ActiveCfg = Debug|Any CPU
		{8FA3E5EB-2946-4E14-948A-2E8D6C86A7DE}.Debug|Any CPU.Build.0 = Debug|Any CPU
		{8FA3E5EB-2946-4E14-948A-2E8D6C86A7DE}.Release|Any CPU.ActiveCfg = Release|Any CPU
		{8FA3E5EB-2946-4E14-948A-2E8D6C86A7DE}.Release|Any CPU.Build.0 = Release|Any CPU
		{DC324F0A-3D31-4C10-A381-BF91B3D3F0A4}.Debug|Any CPU.ActiveCfg = Debug|Any CPU
		{DC324F0A-3D31-4C10-A381-BF91B3D3F0A4}.Debug|Any CPU.Build.0 = Debug|Any CPU
		{DC324F0A-3D31-4C10-A381-BF91B3D3F0A4}.Release|Any CPU.ActiveCfg = Release|Any CPU
		{DC324F0A-3D31-4C10-A381-BF91B3D3F0A4}.Release|Any CPU.Build.0 = Release|Any CPU
		{504BDFE5-C519-4B21-B932-3409AD27E896}.Debug|Any CPU.ActiveCfg = Debug|Any CPU
		{504BDFE5-C519-4B21-B932-3409AD27E896}.Debug|Any CPU.Build.0 = Debug|Any CPU
		{504BDFE5-C519-4B21-B932-3409AD27E896}.Release|Any CPU.ActiveCfg = Release|Any CPU
		{504BDFE5-C519-4B21-B932-3409AD27E896}.Release|Any CPU.Build.0 = Release|Any CPU
		{1D8605D3-A35E-4213-9634-04DF910281C0}.Debug|Any CPU.ActiveCfg = Debug|Any CPU
		{1D8605D3-A35E-4213-9634-04DF910281C0}.Debug|Any CPU.Build.0 = Debug|Any CPU
		{1D8605D3-A35E-4213-9634-04DF910281C0}.Release|Any CPU.ActiveCfg = Release|Any CPU
		{1D8605D3-A35E-4213-9634-04DF910281C0}.Release|Any CPU.Build.0 = Release|Any CPU
	EndGlobalSection
	GlobalSection(SolutionProperties) = preSolution
		HideSolutionNode = FALSE
	EndGlobalSection
	GlobalSection(NestedProjects) = preSolution
		{A4825391-784C-401B-A3F4-EC155001071A} = {D6CB8EE6-6D6B-4004-860D-8C9327857770}
		{8FA3E5EB-2946-4E14-948A-2E8D6C86A7DE} = {D6CB8EE6-6D6B-4004-860D-8C9327857770}
		{DC324F0A-3D31-4C10-A381-BF91B3D3F0A4} = {F4BD5FAF-2590-493D-87B3-18AFAD3436DC}
		{504BDFE5-C519-4B21-B932-3409AD27E896} = {F4BD5FAF-2590-493D-87B3-18AFAD3436DC}
		{1D8605D3-A35E-4213-9634-04DF910281C0} = {F4BD5FAF-2590-493D-87B3-18AFAD3436DC}
	EndGlobalSection
	GlobalSection(ExtensibilityGlobals) = postSolution
		SolutionGuid = {DB095789-8DC0-45D5-B527-6ADA3B6ACC89}
	EndGlobalSection
EndGlobal
